
Microsoft Visual Studio Solution File, Format Version 12.00
# Visual Studio Version 16
VisualStudioVersion = 16.0.29503.13
MinimumVisualStudioVersion = 10.0.40219.1
Project("{9A19103F-16F7-4668-BE54-9A1E7A4F7556}") = "BlazorDemo", "BlazorDemo\BlazorDemo.csproj", "{8BD8E441-0794-4A34-9C21-4046ACB847B9}"
EndProject
Global
	GlobalSection(SolutionConfigurationPlatforms) = preSolution
		Debug|Any CPU = Debug|Any CPU
		Release|Any CPU = Release|Any CPU
	EndGlobalSection
	GlobalSection(ProjectConfigurationPlatforms) = postSolution
		{8BD8E441-0794-4A34-9C21-4046ACB847B9}.Debug|Any CPU.ActiveCfg = Debug|Any CPU
		{8BD8E441-0794-4A34-9C21-4046ACB847B9}.Debug|Any CPU.Build.0 = Debug|Any CPU
		{8BD8E441-0794-4A34-9C21-4046ACB847B9}.Release|Any CPU.ActiveCfg = Release|Any CPU
		{8BD8E441-0794-4A34-9C21-4046ACB847B9}.Release|Any CPU.Build.0 = Release|Any CPU
	EndGlobalSection
	GlobalSection(SolutionProperties) = preSolution
		HideSolutionNode = FALSE
	EndGlobalSection
	GlobalSection(ExtensibilityGlobals) = postSolution
		SolutionGuid = {5BD9D705-86BF-46C8-8652-740EE29EA4F3}
	EndGlobalSection
EndGlobal
